// !$*UTF8*$!
{
	archiveVersion = 1;
	classes = {
	};
	objectVersion = 50;
	objects = {

/* Begin PBXBuildFile section */
		BF46A43826A6320200FA9979 /* AppDelegate.swift in Sources */ = {isa = PBXBuildFile; fileRef = BF46A43726A6320200FA9979 /* AppDelegate.swift */; };
		BF46A43A26A6320200FA9979 /* SceneDelegate.swift in Sources */ = {isa = PBXBuildFile; fileRef = BF46A43926A6320200FA9979 /* SceneDelegate.swift */; };
		BF46A43C26A6320200FA9979 /* ViewController.swift in Sources */ = {isa = PBXBuildFile; fileRef = BF46A43B26A6320200FA9979 /* ViewController.swift */; };
		BF46A43F26A6320200FA9979 /* Main.storyboard in Resources */ = {isa = PBXBuildFile; fileRef = BF46A43D26A6320200FA9979 /* Main.storyboard */; };
		BF46A44126A6320500FA9979 /* Assets.xcassets in Resources */ = {isa = PBXBuildFile; fileRef = BF46A44026A6320500FA9979 /* Assets.xcassets */; };
		BF46A44426A6320500FA9979 /* LaunchScreen.storyboard in Resources */ = {isa = PBXBuildFile; fileRef = BF46A44226A6320500FA9979 /* LaunchScreen.storyboard */; };
		BF46A44C26A6406A00FA9979 /* DetailViewController.swift in Sources */ = {isa = PBXBuildFile; fileRef = BF46A44B26A6406A00FA9979 /* DetailViewController.swift */; };
/* End PBXBuildFile section */

/* Begin PBXFileReference section */
		BF46A43426A6320200FA9979 /* Accessibility Playground.app */ = {isa = PBXFileReference; explicitFileType = wrapper.application; includeInIndex = 0; path = "Accessibility Playground.app"; sourceTree = BUILT_PRODUCTS_DIR; };
		BF46A43726A6320200FA9979 /* AppDelegate.swift */ = {isa = PBXFileReference; lastKnownFileType = sourcecode.swift; path = AppDelegate.swift; sourceTree = "<group>"; };
		BF46A43926A6320200FA9979 /* SceneDelegate.swift */ = {isa = PBXFileReference; lastKnownFileType = sourcecode.swift; path = SceneDelegate.swift; sourceTree = "<group>"; };
		BF46A43B26A6320200FA9979 /* ViewController.swift */ = {isa = PBXFileReference; lastKnownFileType = sourcecode.swift; path = ViewController.swift; sourceTree = "<group>"; };
		BF46A43E26A6320200FA9979 /* Base */ = {isa = PBXFileReference; lastKnownFileType = file.storyboard; name = Base; path = Base.lproj/Main.storyboard; sourceTree = "<group>"; };
		BF46A44026A6320500FA9979 /* Assets.xcassets */ = {isa = PBXFileReference; lastKnownFileType = folder.assetcatalog; path = Assets.xcassets; sourceTree = "<group>"; };
		BF46A44326A6320500FA9979 /* Base */ = {isa = PBXFileReference; lastKnownFileType = file.storyboard; name = Base; path = Base.lproj/LaunchScreen.storyboard; sourceTree = "<group>"; };
		BF46A44526A6320500FA9979 /* Info.plist */ = {isa = PBXFileReference; lastKnownFileType = text.plist.xml; path = Info.plist; sourceTree = "<group>"; };
		BF46A44B26A6406A00FA9979 /* DetailViewController.swift */ = {isa = PBXFileReference; lastKnownFileType = sourcecode.swift; path = DetailViewController.swift; sourceTree = "<group>"; };
/* End PBXFileReference section */

/* Begin PBXFrameworksBuildPhase section */
		BF46A43126A6320200FA9979 /* Frameworks */ = {
			isa = PBXFrameworksBuildPhase;
			buildActionMask = 2147483647;
			files = (
			);
			runOnlyForDeploymentPostprocessing = 0;
		};
/* End PBXFrameworksBuildPhase section */

/* Begin PBXGroup section */
		BF46A42B26A6320200FA9979 = {
			isa = PBXGroup;
			children = (
				BF46A43626A6320200FA9979 /* Accessibility Playground */,
				BF46A43526A6320200FA9979 /* Products */,
			);
			sourceTree = "<group>";
		};
		BF46A43526A6320200FA9979 /* Products */ = {
			isa = PBXGroup;
			children = (
				BF46A43426A6320200FA9979 /* Accessibility Playground.app */,
			);
			name = Products;
			sourceTree = "<group>";
		};
		BF46A43626A6320200FA9979 /* Accessibility Playground */ = {
			isa = PBXGroup;
			children = (
				BF46A43726A6320200FA9979 /* AppDelegate.swift */,
				BF46A43926A6320200FA9979 /* SceneDelegate.swift */,
				BF46A43B26A6320200FA9979 /* ViewController.swift */,
				BF46A44B26A6406A00FA9979 /* DetailViewController.swift */,
				BF46A43D26A6320200FA9979 /* Main.storyboard */,
				BF46A44026A6320500FA9979 /* Assets.xcassets */,
				BF46A44226A6320500FA9979 /* LaunchScreen.storyboard */,
				BF46A44526A6320500FA9979 /* Info.plist */,
			);
			path = "Accessibility Playground";
			sourceTree = "<group>";
		};
/* End PBXGroup section */

/* Begin PBXNativeTarget section */
		BF46A43326A6320200FA9979 /* Accessibility Playground */ = {
			isa = PBXNativeTarget;
			buildConfigurationList = BF46A44826A6320500FA9979 /* Build configuration list for PBXNativeTarget "Accessibility Playground" */;
			buildPhases = (
				BF46A43026A6320200FA9979 /* Sources */,
				BF46A43126A6320200FA9979 /* Frameworks */,
				BF46A43226A6320200FA9979 /* Resources */,
			);
			buildRules = (
			);
			dependencies = (
			);
			name = "Accessibility Playground";
			productName = "Accessibility Playground";
			productReference = BF46A43426A6320200FA9979 /* Accessibility Playground.app */;
			productType = "com.apple.product-type.application";
		};
/* End PBXNativeTarget section */

/* Begin PBXProject section */
		BF46A42C26A6320200FA9979 /* Project object */ = {
			isa = PBXProject;
			attributes = {
				LastSwiftUpdateCheck = 1250;
				LastUpgradeCheck = 1250;
				TargetAttributes = {
					BF46A43326A6320200FA9979 = {
						CreatedOnToolsVersion = 12.5.1;
					};
				};
			};
			buildConfigurationList = BF46A42F26A6320200FA9979 /* Build configuration list for PBXProject "Accessibility Playground" */;
			compatibilityVersion = "Xcode 9.3";
			developmentRegion = en;
			hasScannedForEncodings = 0;
			knownRegions = (
				en,
				Base,
			);
			mainGroup = BF46A42B26A6320200FA9979;
			productRefGroup = BF46A43526A6320200FA9979 /* Products */;
			projectDirPath = "";
			projectRoot = "";
			targets = (
				BF46A43326A6320200FA9979 /* Accessibility Playground */,
			);
		};
/* End PBXProject section */

/* Begin PBXResourcesBuildPhase section */
		BF46A43226A6320200FA9979 /* Resources */ = {
			isa = PBXResourcesBuildPhase;
			buildActionMask = 2147483647;
			files = (
				BF46A44426A6320500FA9979 /* LaunchScreen.storyboard in Resources */,
				BF46A44126A6320500FA9979 /* Assets.xcassets in Resources */,
				BF46A43F26A6320200FA9979 /* Main.storyboard in Resources */,
			);
			runOnlyForDeploymentPostprocessing = 0;
		};
/* End PBXResourcesBuildPhase section */

/* Begin PBXSourcesBuildPhase section */
		BF46A43026A6320200FA9979 /* Sources */ = {
			isa = PBXSourcesBuildPhase;
			buildActionMask = 2147483647;
			files = (
				BF46A43C26A6320200FA9979 /* ViewController.swift in Sources */,
				BF46A43826A6320200FA9979 /* AppDelegate.swift in Sources */,
				BF46A43A26A6320200FA9979 /* SceneDelegate.swift in Sources */,
				BF46A44C26A6406A00FA9979 /* DetailViewController.swift in Sources */,
			);
			runOnlyForDeploymentPostprocessing = 0;
		};
/* End PBXSourcesBuildPhase section */

/* Begin PBXVariantGroup section */
		BF46A43D26A6320200FA9979 /* Main.storyboard */ = {
			isa = PBXVariantGroup;
			children = (
				BF46A43E26A6320200FA9979 /* Base */,
			);
			name = Main.storyboard;
			sourceTree = "<group>";
		};
		BF46A44226A6320500FA9979 /* LaunchScreen.storyboard */ = {
			isa = PBXVariantGroup;
			children = (
				BF46A44326A6320500FA9979 /* Base */,
			);
			name = LaunchScreen.storyboard;
			sourceTree = "<group>";
		};
/* End PBXVariantGroup section */

/* Begin XCBuildConfiguration section */
		BF46A44626A6320500FA9979 /* Debug */ = {
			isa = XCBuildConfiguration;
			buildSettings = {
				ALWAYS_SEARCH_USER_PATHS = NO;
				CLANG_ANALYZER_NONNULL = YES;
				CLANG_ANALYZER_NUMBER_OBJECT_CONVERSION = YES_AGGRESSIVE;
				CLANG_CXX_LANGUAGE_STANDARD = "gnu++14";
				CLANG_CXX_LIBRARY = "libc++";
				CLANG_ENABLE_MODULES = YES;
				CLANG_ENABLE_OBJC_ARC = YES;
				CLANG_ENABLE_OBJC_WEAK = YES;
				CLANG_WARN_BLOCK_CAPTURE_AUTORELEASING = YES;
				CLANG_WARN_BOOL_CONVERSION = YES;
				CLANG_WARN_COMMA = YES;
				CLANG_WARN_CONSTANT_CONVERSION = YES;
				CLANG_WARN_DEPRECATED_OBJC_IMPLEMENTATIONS = YES;
				CLANG_WARN_DIRECT_OBJC_ISA_USAGE = YES_ERROR;
				CLANG_WARN_DOCUMENTATION_COMMENTS = YES;
				CLANG_WARN_EMPTY_BODY = YES;
				CLANG_WARN_ENUM_CONVERSION = YES;
				CLANG_WARN_INFINITE_RECURSION = YES;
				CLANG_WARN_INT_CONVERSION = YES;
				CLANG_WARN_NON_LITERAL_NULL_CONVERSION = YES;
				CLANG_WARN_OBJC_IMPLICIT_RETAIN_SELF = YES;
				CLANG_WARN_OBJC_LITERAL_CONVERSION = YES;
				CLANG_WARN_OBJC_ROOT_CLASS = YES_ERROR;
				CLANG_WARN_QUOTED_INCLUDE_IN_FRAMEWORK_HEADER = YES;
				CLANG_WARN_RANGE_LOOP_ANALYSIS = YES;
				CLANG_WARN_STRICT_PROTOTYPES = YES;
				CLANG_WARN_SUSPICIOUS_MOVE = YES;
				CLANG_WARN_UNGUARDED_AVAILABILITY = YES_AGGRESSIVE;
				CLANG_WARN_UNREACHABLE_CODE = YES;
				CLANG_WARN__DUPLICATE_METHOD_MATCH = YES;
				COPY_PHASE_STRIP = NO;
				DEBUG_INFORMATION_FORMAT = dwarf;
				ENABLE_STRICT_OBJC_MSGSEND = YES;
				ENABLE_TESTABILITY = YES;
				GCC_C_LANGUAGE_STANDARD = gnu11;
				GCC_DYNAMIC_NO_PIC = NO;
				GCC_NO_COMMON_BLOCKS = YES;
				GCC_OPTIMIZATION_LEVEL = 0;
				GCC_PREPROCESSOR_DEFINITIONS = (
					"DEBUG=1",
					"$(inherited)",
				);
				GCC_WARN_64_TO_32_BIT_CONVERSION = YES;
				GCC_WARN_ABOUT_RETURN_TYPE = YES_ERROR;
				GCC_WARN_UNDECLARED_SELECTOR = YES;
				GCC_WARN_UNINITIALIZED_AUTOS = YES_AGGRESSIVE;
				GCC_WARN_UNUSED_FUNCTION = YES;
				GCC_WARN_UNUSED_VARIABLE = YES;
				IPHONEOS_DEPLOYMENT_TARGET = 14.5;
				MTL_ENABLE_DEBUG_INFO = INCLUDE_SOURCE;
				MTL_FAST_MATH = YES;
				ONLY_ACTIVE_ARCH = YES;
				SDKROOT = iphoneos;
				SWIFT_ACTIVE_COMPILATION_CONDITIONS = DEBUG;
				SWIFT_OPTIMIZATION_LEVEL = "-Onone";
			};
			name = Debug;
		};
		BF46A44726A6320500FA9979 /* Release */ = {
			isa = XCBuildConfiguration;
			buildSettings = {
				ALWAYS_SEARCH_USER_PATHS = NO;
				CLANG_ANALYZER_NONNULL = YES;
				CLANG_ANALYZER_NUMBER_OBJECT_CONVERSION = YES_AGGRESSIVE;
				CLANG_CXX_LANGUAGE_STANDARD = "gnu++14";
				CLANG_CXX_LIBRARY = "libc++";
				CLANG_ENABLE_MODULES = YES;
				CLANG_ENABLE_OBJC_ARC = YES;
				CLANG_ENABLE_OBJC_WEAK = YES;
				CLANG_WARN_BLOCK_CAPTURE_AUTORELEASING = YES;
				CLANG_WARN_BOOL_CONVERSION = YES;
				CLANG_WARN_COMMA = YES;
				CLANG_WARN_CONSTANT_CONVERSION = YES;
				CLANG_WARN_DEPRECATED_OBJC_IMPLEMENTATIONS = YES;
				CLANG_WARN_DIRECT_OBJC_ISA_USAGE = YES_ERROR;
				CLANG_WARN_DOCUMENTATION_COMMENTS = YES;
				CLANG_WARN_EMPTY_BODY = YES;
				CLANG_WARN_ENUM_CONVERSION = YES;
				CLANG_WARN_INFINITE_RECURSION = YES;
				CLANG_WARN_INT_CONVERSION = YES;
				CLANG_WARN_NON_LITERAL_NULL_CONVERSION = YES;
				CLANG_WARN_OBJC_IMPLICIT_RETAIN_SELF = YES;
				CLANG_WARN_OBJC_LITERAL_CONVERSION = YES;
				CLANG_WARN_OBJC_ROOT_CLASS = YES_ERROR;
				CLANG_WARN_QUOTED_INCLUDE_IN_FRAMEWORK_HEADER = YES;
				CLANG_WARN_RANGE_LOOP_ANALYSIS = YES;
				CLANG_WARN_STRICT_PROTOTYPES = YES;
				CLANG_WARN_SUSPICIOUS_MOVE = YES;
				CLANG_WARN_UNGUARDED_AVAILABILITY = YES_AGGRESSIVE;
				CLANG_WARN_UNREACHABLE_CODE = YES;
				CLANG_WARN__DUPLICATE_METHOD_MATCH = YES;
				COPY_PHASE_STRIP = NO;
				DEBUG_INFORMATION_FORMAT = "dwarf-with-dsym";
				ENABLE_NS_ASSERTIONS = NO;
				ENABLE_STRICT_OBJC_MSGSEND = YES;
				GCC_C_LANGUAGE_STANDARD = gnu11;
				GCC_NO_COMMON_BLOCKS = YES;
				GCC_WARN_64_TO_32_BIT_CONVERSION = YES;
				GCC_WARN_ABOUT_RETURN_TYPE = YES_ERROR;
				GCC_WARN_UNDECLARED_SELECTOR = YES;
				GCC_WARN_UNINITIALIZED_AUTOS = YES_AGGRESSIVE;
				GCC_WARN_UNUSED_FUNCTION = YES;
				GCC_WARN_UNUSED_VARIABLE = YES;
				IPHONEOS_DEPLOYMENT_TARGET = 14.5;
				MTL_ENABLE_DEBUG_INFO = NO;
				MTL_FAST_MATH = YES;
				SDKROOT = iphoneos;
				SWIFT_COMPILATION_MODE = wholemodule;
				SWIFT_OPTIMIZATION_LEVEL = "-O";
				VALIDATE_PRODUCT = YES;
			};
			name = Release;
		};
		BF46A44926A6320500FA9979 /* Debug */ = {
			isa = XCBuildConfiguration;
			buildSettings = {
				ASSETCATALOG_COMPILER_APPICON_NAME = AppIcon;
				ASSETCATALOG_COMPILER_GLOBAL_ACCENT_COLOR_NAME = AccentColor;
				CODE_SIGN_STYLE = Automatic;
				DEVELOPMENT_TEAM = 2HL4CAG6XK;
				INFOPLIST_FILE = "Accessibility Playground/Info.plist";
				LD_RUNPATH_SEARCH_PATHS = (
					"$(inherited)",
					"@executable_path/Frameworks",
				);
				PRODUCT_BUNDLE_IDENTIFIER = "com.thoughtbot.accessibilityplayground.Accessibility-Playground";
				PRODUCT_NAME = "$(TARGET_NAME)";
				SWIFT_VERSION = 5.0;
				TARGETED_DEVICE_FAMILY = 1;
			};
			name = Debug;
		};
		BF46A44A26A6320500FA9979 /* Release */ = {
			isa = XCBuildConfiguration;
			buildSettings = {
				ASSETCATALOG_COMPILER_APPICON_NAME = AppIcon;
				ASSETCATALOG_COMPILER_GLOBAL_ACCENT_COLOR_NAME = AccentColor;
				CODE_SIGN_STYLE = Automatic;
				DEVELOPMENT_TEAM = 2HL4CAG6XK;
				INFOPLIST_FILE = "Accessibility Playground/Info.plist";
				LD_RUNPATH_SEARCH_PATHS = (
					"$(inherited)",
					"@executable_path/Frameworks",
				);
				PRODUCT_BUNDLE_IDENTIFIER = "com.thoughtbot.accessibilityplayground.Accessibility-Playground";
				PRODUCT_NAME = "$(TARGET_NAME)";
				SWIFT_VERSION = 5.0;
				TARGETED_DEVICE_FAMILY = 1;
			};
			name = Release;
		};
/* End XCBuildConfiguration section */

/* Begin XCConfigurationList section */
		BF46A42F26A6320200FA9979 /* Build configuration list for PBXProject "Accessibility Playground" */ = {
			isa = XCConfigurationList;
			buildConfigurations = (
				BF46A44626A6320500FA9979 /* Debug */,
				BF46A44726A6320500FA9979 /* Release */,
			);
			defaultConfigurationIsVisible = 0;
			defaultConfigurationName = Release;
		};
		BF46A44826A6320500FA9979 /* Build configuration list for PBXNativeTarget "Accessibility Playground" */ = {
			isa = XCConfigurationList;
			buildConfigurations = (
				BF46A44926A6320500FA9979 /* Debug */,
				BF46A44A26A6320500FA9979 /* Release */,
			);
			defaultConfigurationIsVisible = 0;
			defaultConfigurationName = Release;
		};
/* End XCConfigurationList section */
	};
	rootObject = BF46A42C26A6320200FA9979 /* Project object */;
}
